
Microsoft Visual Studio Solution File, Format Version 12.00
# Visual Studio Version 17
VisualStudioVersion = 17.3.32901.215
MinimumVisualStudioVersion = 10.0.40219.1
Project("{FAE04EC0-301F-11D3-BF4B-00C04F79EFBC}") = "01_smtp", "01_smtp\01_smtp.csproj", "{731AC4A9-1516-4494-AFD8-E35507911422}"
EndProject
Project("{FAE04EC0-301F-11D3-BF4B-00C04F79EFBC}") = "02_smtp_mailkit", "02_smtp_mailkit\02_smtp_mailkit.csproj", "{AF812D5A-127A-4884-8F23-1906E485536D}"
EndProject
Project("{FAE04EC0-301F-11D3-BF4B-00C04F79EFBC}") = "03_imap_mailkit", "03_imap_mailkit\03_imap_mailkit.csproj", "{F879721A-8F17-451A-A151-974468F76069}"
EndProject
Global
	GlobalSection(SolutionConfigurationPlatforms) = preSolution
		Debug|Any CPU = Debug|Any CPU
		Release|Any CPU = Release|Any CPU
	EndGlobalSection
	GlobalSection(ProjectConfigurationPlatforms) = postSolution
		{731AC4A9-1516-4494-AFD8-E35507911422}.Debug|Any CPU.ActiveCfg = Debug|Any CPU
		{731AC4A9-1516-4494-AFD8-E35507911422}.Debug|Any CPU.Build.0 = Debug|Any CPU
		{731AC4A9-1516-4494-AFD8-E35507911422}.Release|Any CPU.ActiveCfg = Release|Any CPU
		{731AC4A9-1516-4494-AFD8-E35507911422}.Release|Any CPU.Build.0 = Release|Any CPU
		{AF812D5A-127A-4884-8F23-1906E485536D}.Debug|Any CPU.ActiveCfg = Debug|Any CPU
		{AF812D5A-127A-4884-8F23-1906E485536D}.Debug|Any CPU.Build.0 = Debug|Any CPU
		{AF812D5A-127A-4884-8F23-1906E485536D}.Release|Any CPU.ActiveCfg = Release|Any CPU
		{AF812D5A-127A-4884-8F23-1906E485536D}.Release|Any CPU.Build.0 = Release|Any CPU
		{F879721A-8F17-451A-A151-974468F76069}.Debug|Any CPU.ActiveCfg = Debug|Any CPU
		{F879721A-8F17-451A-A151-974468F76069}.Debug|Any CPU.Build.0 = Debug|Any CPU
		{F879721A-8F17-451A-A151-974468F76069}.Release|Any CPU.ActiveCfg = Release|Any CPU
		{F879721A-8F17-451A-A151-974468F76069}.Release|Any CPU.Build.0 = Release|Any CPU
	EndGlobalSection
	GlobalSection(SolutionProperties) = preSolution
		HideSolutionNode = FALSE
	EndGlobalSection
	GlobalSection(ExtensibilityGlobals) = postSolution
		SolutionGuid = {CD0DF778-4E9D-429A-8306-CB8B6F647470}
	EndGlobalSection
EndGlobal
